// !$*UTF8*$!
{
	archiveVersion = 1;
	classes = {
	};
	objectVersion = 50;
	objects = {

/* Begin PBXBuildFile section */
		9F3E6DC024FD9D5A00623D1D /* AppDelegate.swift in Sources */ = {isa = PBXBuildFile; fileRef = 9F3E6DBF24FD9D5A00623D1D /* AppDelegate.swift */; };
		9F3E6DC224FD9D5A00623D1D /* SceneDelegate.swift in Sources */ = {isa = PBXBuildFile; fileRef = 9F3E6DC124FD9D5A00623D1D /* SceneDelegate.swift */; };
		9F3E6DC424FD9D5A00623D1D /* HomeVC.swift in Sources */ = {isa = PBXBuildFile; fileRef = 9F3E6DC324FD9D5A00623D1D /* HomeVC.swift */; };
		9F3E6DC724FD9D5A00623D1D /* Main.storyboard in Resources */ = {isa = PBXBuildFile; fileRef = 9F3E6DC524FD9D5A00623D1D /* Main.storyboard */; };
		9F3E6DC924FD9D5D00623D1D /* Assets.xcassets in Resources */ = {isa = PBXBuildFile; fileRef = 9F3E6DC824FD9D5D00623D1D /* Assets.xcassets */; };
		9F3E6DCC24FD9D5D00623D1D /* LaunchScreen.storyboard in Resources */ = {isa = PBXBuildFile; fileRef = 9F3E6DCA24FD9D5D00623D1D /* LaunchScreen.storyboard */; };
		9F3E6DD824FD9DB900623D1D /* ExtensionUivew.swift in Sources */ = {isa = PBXBuildFile; fileRef = 9F3E6DD624FD9DB900623D1D /* ExtensionUivew.swift */; };
		9F3E6DD924FD9DB900623D1D /* UILabel.swift in Sources */ = {isa = PBXBuildFile; fileRef = 9F3E6DD724FD9DB900623D1D /* UILabel.swift */; };
		9F3E6DDB24FD9E5F00623D1D /* BottomMusicBar.swift in Sources */ = {isa = PBXBuildFile; fileRef = 9F3E6DDA24FD9E5F00623D1D /* BottomMusicBar.swift */; };
		9F3E6DDE24FDA5A900623D1D /* PopularPlaylistCollectionViewCell.swift in Sources */ = {isa = PBXBuildFile; fileRef = 9F3E6DDD24FDA5A900623D1D /* PopularPlaylistCollectionViewCell.swift */; };
		9F3E6DE124FDA65B00623D1D /* PlayListCardCollectionViewCell.swift in Sources */ = {isa = PBXBuildFile; fileRef = 9F3E6DE024FDA65B00623D1D /* PlayListCardCollectionViewCell.swift */; };
		9F3E6DE324FDAD2F00623D1D /* NewReleaseCollectionViewCell.swift in Sources */ = {isa = PBXBuildFile; fileRef = 9F3E6DE224FDAD2F00623D1D /* NewReleaseCollectionViewCell.swift */; };
		9F3E6DE624FDAD5E00623D1D /* NewSongCollectionViewCell.swift in Sources */ = {isa = PBXBuildFile; fileRef = 9F3E6DE524FDAD5E00623D1D /* NewSongCollectionViewCell.swift */; };
/* End PBXBuildFile section */

/* Begin PBXFileReference section */
		9F3E6DBC24FD9D5A00623D1D /* Music App Design.app */ = {isa = PBXFileReference; explicitFileType = wrapper.application; includeInIndex = 0; path = "Music App Design.app"; sourceTree = BUILT_PRODUCTS_DIR; };
		9F3E6DBF24FD9D5A00623D1D /* AppDelegate.swift */ = {isa = PBXFileReference; lastKnownFileType = sourcecode.swift; path = AppDelegate.swift; sourceTree = "<group>"; };
		9F3E6DC124FD9D5A00623D1D /* SceneDelegate.swift */ = {isa = PBXFileReference; lastKnownFileType = sourcecode.swift; path = SceneDelegate.swift; sourceTree = "<group>"; };
		9F3E6DC324FD9D5A00623D1D /* HomeVC.swift */ = {isa = PBXFileReference; lastKnownFileType = sourcecode.swift; path = HomeVC.swift; sourceTree = "<group>"; };
		9F3E6DC624FD9D5A00623D1D /* Base */ = {isa = PBXFileReference; lastKnownFileType = file.storyboard; name = Base; path = Base.lproj/Main.storyboard; sourceTree = "<group>"; };
		9F3E6DC824FD9D5D00623D1D /* Assets.xcassets */ = {isa = PBXFileReference; lastKnownFileType = folder.assetcatalog; path = Assets.xcassets; sourceTree = "<group>"; };
		9F3E6DCB24FD9D5D00623D1D /* Base */ = {isa = PBXFileReference; lastKnownFileType = file.storyboard; name = Base; path = Base.lproj/LaunchScreen.storyboard; sourceTree = "<group>"; };
		9F3E6DCD24FD9D5D00623D1D /* Info.plist */ = {isa = PBXFileReference; lastKnownFileType = text.plist.xml; path = Info.plist; sourceTree = "<group>"; };
		9F3E6DD624FD9DB900623D1D /* ExtensionUivew.swift */ = {isa = PBXFileReference; fileEncoding = 4; lastKnownFileType = sourcecode.swift; path = ExtensionUivew.swift; sourceTree = "<group>"; };
		9F3E6DD724FD9DB900623D1D /* UILabel.swift */ = {isa = PBXFileReference; fileEncoding = 4; lastKnownFileType = sourcecode.swift; path = UILabel.swift; sourceTree = "<group>"; };
		9F3E6DDA24FD9E5F00623D1D /* BottomMusicBar.swift */ = {isa = PBXFileReference; lastKnownFileType = sourcecode.swift; path = BottomMusicBar.swift; sourceTree = "<group>"; };
		9F3E6DDD24FDA5A900623D1D /* PopularPlaylistCollectionViewCell.swift */ = {isa = PBXFileReference; lastKnownFileType = sourcecode.swift; path = PopularPlaylistCollectionViewCell.swift; sourceTree = "<group>"; };
		9F3E6DE024FDA65B00623D1D /* PlayListCardCollectionViewCell.swift */ = {isa = PBXFileReference; lastKnownFileType = sourcecode.swift; path = PlayListCardCollectionViewCell.swift; sourceTree = "<group>"; };
		9F3E6DE224FDAD2F00623D1D /* NewReleaseCollectionViewCell.swift */ = {isa = PBXFileReference; lastKnownFileType = sourcecode.swift; path = NewReleaseCollectionViewCell.swift; sourceTree = "<group>"; };
		9F3E6DE524FDAD5E00623D1D /* NewSongCollectionViewCell.swift */ = {isa = PBXFileReference; lastKnownFileType = sourcecode.swift; path = NewSongCollectionViewCell.swift; sourceTree = "<group>"; };
/* End PBXFileReference section */

/* Begin PBXFrameworksBuildPhase section */
		9F3E6DB924FD9D5A00623D1D /* Frameworks */ = {
			isa = PBXFrameworksBuildPhase;
			buildActionMask = 2147483647;
			files = (
			);
			runOnlyForDeploymentPostprocessing = 0;
		};
/* End PBXFrameworksBuildPhase section */

/* Begin PBXGroup section */
		9F3E6DB324FD9D5A00623D1D = {
			isa = PBXGroup;
			children = (
				9F3E6DBE24FD9D5A00623D1D /* Music App Design */,
				9F3E6DBD24FD9D5A00623D1D /* Products */,
			);
			sourceTree = "<group>";
		};
		9F3E6DBD24FD9D5A00623D1D /* Products */ = {
			isa = PBXGroup;
			children = (
				9F3E6DBC24FD9D5A00623D1D /* Music App Design.app */,
			);
			name = Products;
			sourceTree = "<group>";
		};
		9F3E6DBE24FD9D5A00623D1D /* Music App Design */ = {
			isa = PBXGroup;
			children = (
				9F3E6DBF24FD9D5A00623D1D /* AppDelegate.swift */,
				9F3E6DC124FD9D5A00623D1D /* SceneDelegate.swift */,
				9F3E6DD524FD9D8F00623D1D /* helpers */,
				9F3E6DD424FD9D8900623D1D /* view */,
				9F3E6DD324FD9D8200623D1D /* controller */,
				9F3E6DC524FD9D5A00623D1D /* Main.storyboard */,
				9F3E6DC824FD9D5D00623D1D /* Assets.xcassets */,
				9F3E6DCA24FD9D5D00623D1D /* LaunchScreen.storyboard */,
				9F3E6DCD24FD9D5D00623D1D /* Info.plist */,
			);
			path = "Music App Design";
			sourceTree = "<group>";
		};
		9F3E6DD324FD9D8200623D1D /* controller */ = {
			isa = PBXGroup;
			children = (
				9F3E6DC324FD9D5A00623D1D /* HomeVC.swift */,
			);
			path = controller;
			sourceTree = "<group>";
		};
		9F3E6DD424FD9D8900623D1D /* view */ = {
			isa = PBXGroup;
			children = (
				9F3E6DDC24FDA5A200623D1D /* cell */,
				9F3E6DDA24FD9E5F00623D1D /* BottomMusicBar.swift */,
			);
			path = view;
			sourceTree = "<group>";
		};
		9F3E6DD524FD9D8F00623D1D /* helpers */ = {
			isa = PBXGroup;
			children = (
				9F3E6DD624FD9DB900623D1D /* ExtensionUivew.swift */,
				9F3E6DD724FD9DB900623D1D /* UILabel.swift */,
			);
			path = helpers;
			sourceTree = "<group>";
		};
		9F3E6DDC24FDA5A200623D1D /* cell */ = {
			isa = PBXGroup;
			children = (
				9F3E6DDF24FDA65200623D1D /* popluar */,
				9F3E6DE424FDAD5600623D1D /* release */,
			);
			path = cell;
			sourceTree = "<group>";
		};
		9F3E6DDF24FDA65200623D1D /* popluar */ = {
			isa = PBXGroup;
			children = (
				9F3E6DDD24FDA5A900623D1D /* PopularPlaylistCollectionViewCell.swift */,
				9F3E6DE024FDA65B00623D1D /* PlayListCardCollectionViewCell.swift */,
			);
			path = popluar;
			sourceTree = "<group>";
		};
		9F3E6DE424FDAD5600623D1D /* release */ = {
			isa = PBXGroup;
			children = (
				9F3E6DE224FDAD2F00623D1D /* NewReleaseCollectionViewCell.swift */,
				9F3E6DE524FDAD5E00623D1D /* NewSongCollectionViewCell.swift */,
			);
			path = release;
			sourceTree = "<group>";
		};
/* End PBXGroup section */

/* Begin PBXNativeTarget section */
		9F3E6DBB24FD9D5A00623D1D /* Music App Design */ = {
			isa = PBXNativeTarget;
			buildConfigurationList = 9F3E6DD024FD9D5D00623D1D /* Build configuration list for PBXNativeTarget "Music App Design" */;
			buildPhases = (
				9F3E6DB824FD9D5A00623D1D /* Sources */,
				9F3E6DB924FD9D5A00623D1D /* Frameworks */,
				9F3E6DBA24FD9D5A00623D1D /* Resources */,
			);
			buildRules = (
			);
			dependencies = (
			);
			name = "Music App Design";
			productName = "Music App Design";
			productReference = 9F3E6DBC24FD9D5A00623D1D /* Music App Design.app */;
			productType = "com.apple.product-type.application";
		};
/* End PBXNativeTarget section */

/* Begin PBXProject section */
		9F3E6DB424FD9D5A00623D1D /* Project object */ = {
			isa = PBXProject;
			attributes = {
				LastSwiftUpdateCheck = 1140;
				LastUpgradeCheck = 1140;
				ORGANIZATIONNAME = Hossam;
				TargetAttributes = {
					9F3E6DBB24FD9D5A00623D1D = {
						CreatedOnToolsVersion = 11.4;
					};
				};
			};
			buildConfigurationList = 9F3E6DB724FD9D5A00623D1D /* Build configuration list for PBXProject "Music App Design" */;
			compatibilityVersion = "Xcode 9.3";
			developmentRegion = en;
			hasScannedForEncodings = 0;
			knownRegions = (
				en,
				Base,
			);
			mainGroup = 9F3E6DB324FD9D5A00623D1D;
			productRefGroup = 9F3E6DBD24FD9D5A00623D1D /* Products */;
			projectDirPath = "";
			projectRoot = "";
			targets = (
				9F3E6DBB24FD9D5A00623D1D /* Music App Design */,
			);
		};
/* End PBXProject section */

/* Begin PBXResourcesBuildPhase section */
		9F3E6DBA24FD9D5A00623D1D /* Resources */ = {
			isa = PBXResourcesBuildPhase;
			buildActionMask = 2147483647;
			files = (
				9F3E6DCC24FD9D5D00623D1D /* LaunchScreen.storyboard in Resources */,
				9F3E6DC924FD9D5D00623D1D /* Assets.xcassets in Resources */,
				9F3E6DC724FD9D5A00623D1D /* Main.storyboard in Resources */,
			);
			runOnlyForDeploymentPostprocessing = 0;
		};
/* End PBXResourcesBuildPhase section */

/* Begin PBXSourcesBuildPhase section */
		9F3E6DB824FD9D5A00623D1D /* Sources */ = {
			isa = PBXSourcesBuildPhase;
			buildActionMask = 2147483647;
			files = (
				9F3E6DDB24FD9E5F00623D1D /* BottomMusicBar.swift in Sources */,
				9F3E6DD924FD9DB900623D1D /* UILabel.swift in Sources */,
				9F3E6DE124FDA65B00623D1D /* PlayListCardCollectionViewCell.swift in Sources */,
				9F3E6DD824FD9DB900623D1D /* ExtensionUivew.swift in Sources */,
				9F3E6DE624FDAD5E00623D1D /* NewSongCollectionViewCell.swift in Sources */,
				9F3E6DC424FD9D5A00623D1D /* HomeVC.swift in Sources */,
				9F3E6DC024FD9D5A00623D1D /* AppDelegate.swift in Sources */,
				9F3E6DDE24FDA5A900623D1D /* PopularPlaylistCollectionViewCell.swift in Sources */,
				9F3E6DE324FDAD2F00623D1D /* NewReleaseCollectionViewCell.swift in Sources */,
				9F3E6DC224FD9D5A00623D1D /* SceneDelegate.swift in Sources */,
			);
			runOnlyForDeploymentPostprocessing = 0;
		};
/* End PBXSourcesBuildPhase section */

/* Begin PBXVariantGroup section */
		9F3E6DC524FD9D5A00623D1D /* Main.storyboard */ = {
			isa = PBXVariantGroup;
			children = (
				9F3E6DC624FD9D5A00623D1D /* Base */,
			);
			name = Main.storyboard;
			sourceTree = "<group>";
		};
		9F3E6DCA24FD9D5D00623D1D /* LaunchScreen.storyboard */ = {
			isa = PBXVariantGroup;
			children = (
				9F3E6DCB24FD9D5D00623D1D /* Base */,
			);
			name = LaunchScreen.storyboard;
			sourceTree = "<group>";
		};
/* End PBXVariantGroup section */

/* Begin XCBuildConfiguration section */
		9F3E6DCE24FD9D5D00623D1D /* Debug */ = {
			isa = XCBuildConfiguration;
			buildSettings = {
				ALWAYS_SEARCH_USER_PATHS = NO;
				CLANG_ANALYZER_NONNULL = YES;
				CLANG_ANALYZER_NUMBER_OBJECT_CONVERSION = YES_AGGRESSIVE;
				CLANG_CXX_LANGUAGE_STANDARD = "gnu++14";
				CLANG_CXX_LIBRARY = "libc++";
				CLANG_ENABLE_MODULES = YES;
				CLANG_ENABLE_OBJC_ARC = YES;
				CLANG_ENABLE_OBJC_WEAK = YES;
				CLANG_WARN_BLOCK_CAPTURE_AUTORELEASING = YES;
				CLANG_WARN_BOOL_CONVERSION = YES;
				CLANG_WARN_COMMA = YES;
				CLANG_WARN_CONSTANT_CONVERSION = YES;
				CLANG_WARN_DEPRECATED_OBJC_IMPLEMENTATIONS = YES;
				CLANG_WARN_DIRECT_OBJC_ISA_USAGE = YES_ERROR;
				CLANG_WARN_DOCUMENTATION_COMMENTS = YES;
				CLANG_WARN_EMPTY_BODY = YES;
				CLANG_WARN_ENUM_CONVERSION = YES;
				CLANG_WARN_INFINITE_RECURSION = YES;
				CLANG_WARN_INT_CONVERSION = YES;
				CLANG_WARN_NON_LITERAL_NULL_CONVERSION = YES;
				CLANG_WARN_OBJC_IMPLICIT_RETAIN_SELF = YES;
				CLANG_WARN_OBJC_LITERAL_CONVERSION = YES;
				CLANG_WARN_OBJC_ROOT_CLASS = YES_ERROR;
				CLANG_WARN_RANGE_LOOP_ANALYSIS = YES;
				CLANG_WARN_STRICT_PROTOTYPES = YES;
				CLANG_WARN_SUSPICIOUS_MOVE = YES;
				CLANG_WARN_UNGUARDED_AVAILABILITY = YES_AGGRESSIVE;
				CLANG_WARN_UNREACHABLE_CODE = YES;
				CLANG_WARN__DUPLICATE_METHOD_MATCH = YES;
				COPY_PHASE_STRIP = NO;
				DEBUG_INFORMATION_FORMAT = dwarf;
				ENABLE_STRICT_OBJC_MSGSEND = YES;
				ENABLE_TESTABILITY = YES;
				GCC_C_LANGUAGE_STANDARD = gnu11;
				GCC_DYNAMIC_NO_PIC = NO;
				GCC_NO_COMMON_BLOCKS = YES;
				GCC_OPTIMIZATION_LEVEL = 0;
				GCC_PREPROCESSOR_DEFINITIONS = (
					"DEBUG=1",
					"$(inherited)",
				);
				GCC_WARN_64_TO_32_BIT_CONVERSION = YES;
				GCC_WARN_ABOUT_RETURN_TYPE = YES_ERROR;
				GCC_WARN_UNDECLARED_SELECTOR = YES;
				GCC_WARN_UNINITIALIZED_AUTOS = YES_AGGRESSIVE;
				GCC_WARN_UNUSED_FUNCTION = YES;
				GCC_WARN_UNUSED_VARIABLE = YES;
				IPHONEOS_DEPLOYMENT_TARGET = 13.4;
				MTL_ENABLE_DEBUG_INFO = INCLUDE_SOURCE;
				MTL_FAST_MATH = YES;
				ONLY_ACTIVE_ARCH = YES;
				SDKROOT = iphoneos;
				SWIFT_ACTIVE_COMPILATION_CONDITIONS = DEBUG;
				SWIFT_OPTIMIZATION_LEVEL = "-Onone";
			};
			name = Debug;
		};
		9F3E6DCF24FD9D5D00623D1D /* Release */ = {
			isa = XCBuildConfiguration;
			buildSettings = {
				ALWAYS_SEARCH_USER_PATHS = NO;
				CLANG_ANALYZER_NONNULL = YES;
				CLANG_ANALYZER_NUMBER_OBJECT_CONVERSION = YES_AGGRESSIVE;
				CLANG_CXX_LANGUAGE_STANDARD = "gnu++14";
				CLANG_CXX_LIBRARY = "libc++";
				CLANG_ENABLE_MODULES = YES;
				CLANG_ENABLE_OBJC_ARC = YES;
				CLANG_ENABLE_OBJC_WEAK = YES;
				CLANG_WARN_BLOCK_CAPTURE_AUTORELEASING = YES;
				CLANG_WARN_BOOL_CONVERSION = YES;
				CLANG_WARN_COMMA = YES;
				CLANG_WARN_CONSTANT_CONVERSION = YES;
				CLANG_WARN_DEPRECATED_OBJC_IMPLEMENTATIONS = YES;
				CLANG_WARN_DIRECT_OBJC_ISA_USAGE = YES_ERROR;
				CLANG_WARN_DOCUMENTATION_COMMENTS = YES;
				CLANG_WARN_EMPTY_BODY = YES;
				CLANG_WARN_ENUM_CONVERSION = YES;
				CLANG_WARN_INFINITE_RECURSION = YES;
				CLANG_WARN_INT_CONVERSION = YES;
				CLANG_WARN_NON_LITERAL_NULL_CONVERSION = YES;
				CLANG_WARN_OBJC_IMPLICIT_RETAIN_SELF = YES;
				CLANG_WARN_OBJC_LITERAL_CONVERSION = YES;
				CLANG_WARN_OBJC_ROOT_CLASS = YES_ERROR;
				CLANG_WARN_RANGE_LOOP_ANALYSIS = YES;
				CLANG_WARN_STRICT_PROTOTYPES = YES;
				CLANG_WARN_SUSPICIOUS_MOVE = YES;
				CLANG_WARN_UNGUARDED_AVAILABILITY = YES_AGGRESSIVE;
				CLANG_WARN_UNREACHABLE_CODE = YES;
				CLANG_WARN__DUPLICATE_METHOD_MATCH = YES;
				COPY_PHASE_STRIP = NO;
				DEBUG_INFORMATION_FORMAT = "dwarf-with-dsym";
				ENABLE_NS_ASSERTIONS = NO;
				ENABLE_STRICT_OBJC_MSGSEND = YES;
				GCC_C_LANGUAGE_STANDARD = gnu11;
				GCC_NO_COMMON_BLOCKS = YES;
				GCC_WARN_64_TO_32_BIT_CONVERSION = YES;
				GCC_WARN_ABOUT_RETURN_TYPE = YES_ERROR;
				GCC_WARN_UNDECLARED_SELECTOR = YES;
				GCC_WARN_UNINITIALIZED_AUTOS = YES_AGGRESSIVE;
				GCC_WARN_UNUSED_FUNCTION = YES;
				GCC_WARN_UNUSED_VARIABLE = YES;
				IPHONEOS_DEPLOYMENT_TARGET = 13.4;
				MTL_ENABLE_DEBUG_INFO = NO;
				MTL_FAST_MATH = YES;
				SDKROOT = iphoneos;
				SWIFT_COMPILATION_MODE = wholemodule;
				SWIFT_OPTIMIZATION_LEVEL = "-O";
				VALIDATE_PRODUCT = YES;
			};
			name = Release;
		};
		9F3E6DD124FD9D5D00623D1D /* Debug */ = {
			isa = XCBuildConfiguration;
			buildSettings = {
				ASSETCATALOG_COMPILER_APPICON_NAME = AppIcon;
				CODE_SIGN_STYLE = Automatic;
				DEVELOPMENT_TEAM = 5RTZJMVRS2;
				INFOPLIST_FILE = "Music App Design/Info.plist";
				LD_RUNPATH_SEARCH_PATHS = (
					"$(inherited)",
					"@executable_path/Frameworks",
				);
				PRODUCT_BUNDLE_IDENTIFIER = "com.hosam.net.Music-App-Design";
				PRODUCT_NAME = "$(TARGET_NAME)";
				SWIFT_VERSION = 5.0;
				TARGETED_DEVICE_FAMILY = 1;
			};
			name = Debug;
		};
		9F3E6DD224FD9D5D00623D1D /* Release */ = {
			isa = XCBuildConfiguration;
			buildSettings = {
				ASSETCATALOG_COMPILER_APPICON_NAME = AppIcon;
				CODE_SIGN_STYLE = Automatic;
				DEVELOPMENT_TEAM = 5RTZJMVRS2;
				INFOPLIST_FILE = "Music App Design/Info.plist";
				LD_RUNPATH_SEARCH_PATHS = (
					"$(inherited)",
					"@executable_path/Frameworks",
				);
				PRODUCT_BUNDLE_IDENTIFIER = "com.hosam.net.Music-App-Design";
				PRODUCT_NAME = "$(TARGET_NAME)";
				SWIFT_VERSION = 5.0;
				TARGETED_DEVICE_FAMILY = 1;
			};
			name = Release;
		};
/* End XCBuildConfiguration section */

/* Begin XCConfigurationList section */
		9F3E6DB724FD9D5A00623D1D /* Build configuration list for PBXProject "Music App Design" */ = {
			isa = XCConfigurationList;
			buildConfigurations = (
				9F3E6DCE24FD9D5D00623D1D /* Debug */,
				9F3E6DCF24FD9D5D00623D1D /* Release */,
			);
			defaultConfigurationIsVisible = 0;
			defaultConfigurationName = Release;
		};
		9F3E6DD024FD9D5D00623D1D /* Build configuration list for PBXNativeTarget "Music App Design" */ = {
			isa = XCConfigurationList;
			buildConfigurations = (
				9F3E6DD124FD9D5D00623D1D /* Debug */,
				9F3E6DD224FD9D5D00623D1D /* Release */,
			);
			defaultConfigurationIsVisible = 0;
			defaultConfigurationName = Release;
		};
/* End XCConfigurationList section */
	};
	rootObject = 9F3E6DB424FD9D5A00623D1D /* Project object */;
}
